
Microsoft Visual Studio Solution File, Format Version 12.00
# Visual Studio Version 17
VisualStudioVersion = 17.9.34728.123
MinimumVisualStudioVersion = 10.0.40219.1
Project("{FAE04EC0-301F-11D3-BF4B-00C04F79EFBC}") = "EcommerceTest", "HelloWorldApp\EcommerceTest.csproj", "{15A531F9-A7DB-4E17-A2BE-3602FDDB283F}"
EndProject
Project("{FAE04EC0-301F-11D3-BF4B-00C04F79EFBC}") = "CRM", "CRM\CRM.csproj", "{3315565E-9B1A-4717-BE5D-D44CED87A1BE}"
EndProject
Project("{FAE04EC0-301F-11D3-BF4B-00C04F79EFBC}") = "OrderProcessing", "OrderProcessing\OrderProcessing.csproj", "{AC2CA061-1389-4FA8-AB12-853D5751849F}"
EndProject
Project("{FAE04EC0-301F-11D3-BF4B-00C04F79EFBC}") = "Catalog", "Catalog\Catalog.csproj", "{C0D37394-11C2-4241-AA6B-1AE1924A8FC9}"
EndProject
Project("{FAE04EC0-301F-11D3-BF4B-00C04F79EFBC}") = "EcommerceWeb", "EcommerceWeb\EcommerceWeb.csproj", "{57B03781-3031-44FF-BB0E-7C38F43531E4}"
EndProject
Project("{FAE04EC0-301F-11D3-BF4B-00C04F79EFBC}") = "ShoppingCart", "ShoppingCart\ShoppingCart.csproj", "{6C23B692-0FE0-46E3-A65A-CD168A15A6A5}"
EndProject
Project("{FAE04EC0-301F-11D3-BF4B-00C04F79EFBC}") = "CSharpFeatureApp", "CSharpFeatureApp\CSharpFeatureApp.csproj", "{59647EAA-2FC5-4339-912D-2C23E7415C98}"
EndProject
Project("{FAE04EC0-301F-11D3-BF4B-00C04F79EFBC}") = "Banking", "Banking\Banking.csproj", "{A1BDCDC9-61BF-439E-A5AC-7DF7F437F020}"
EndProject
Project("{FAE04EC0-301F-11D3-BF4B-00C04F79EFBC}") = "Taxation", "Taxation\Taxation.csproj", "{1D4F00D8-3AC5-4807-9351-B3101B353FDC}"
EndProject
Project("{FAE04EC0-301F-11D3-BF4B-00C04F79EFBC}") = "Penalty", "Penalty\Penalty.csproj", "{F8EAC170-E9F8-4975-B703-2661DABFC238}"
EndProject
Project("{FAE04EC0-301F-11D3-BF4B-00C04F79EFBC}") = "Delegation", "Delegation\Delegation.csproj", "{CF0FF7FF-BAD2-46C1-BE3D-3A62BA7ADE5E}"
EndProject
Project("{FAE04EC0-301F-11D3-BF4B-00C04F79EFBC}") = "Specification", "Specification\Specification.csproj", "{FB8A65E2-4281-4EF5-931C-128095A7D586}"
EndProject
Project("{FAE04EC0-301F-11D3-BF4B-00C04F79EFBC}") = "EcommerceEntities", "POCOLib\EcommerceEntities.csproj", "{15456DFB-E035-405C-946B-567189B27821}"
EndProject
Project("{FAE04EC0-301F-11D3-BF4B-00C04F79EFBC}") = "BinaryDataRepositoryLib", "BinaryDataRepositoryLib\BinaryDataRepositoryLib.csproj", "{25AF5413-5752-45B1-8C4E-CCDCF4B79BFA}"
EndProject
Project("{FAE04EC0-301F-11D3-BF4B-00C04F79EFBC}") = "EcommerceServices", "Services\EcommerceServices.csproj", "{EF798A8D-E891-4362-B00D-A043FD2D182D}"
EndProject
Project("{FAE04EC0-301F-11D3-BF4B-00C04F79EFBC}") = "SerializationTestApp", "SerializationTestApp\SerializationTestApp.csproj", "{CE806156-0715-43C7-A87A-46069730E7C4}"
EndProject
Project("{FAE04EC0-301F-11D3-BF4B-00C04F79EFBC}") = "SerializationWebApp", "SerializationWebApp\SerializationWebApp.csproj", "{72736C50-DC38-4309-8DDF-133238AC86F7}"
EndProject
Project("{FAE04EC0-301F-11D3-BF4B-00C04F79EFBC}") = "DesignPatternApp", "DesignPatternApp\DesignPatternApp.csproj", "{7C3394BB-0535-4192-AF8A-BC123EFFF9FD}"
EndProject
Project("{FAE04EC0-301F-11D3-BF4B-00C04F79EFBC}") = "Membership", "Membership\Membership.csproj", "{780C2252-F83A-4CC2-934B-F71E0ADEDD54}"
EndProject
Project("{FAE04EC0-301F-11D3-BF4B-00C04F79EFBC}") = "MembershipTest", "MembershipTest\MembershipTest.csproj", "{EBE2BC7A-E2D5-4168-90B8-CC3968453E37}"
EndProject
Project("{FAE04EC0-301F-11D3-BF4B-00C04F79EFBC}") = "AuthWebApi", "AuthWebApi\AuthWebApi.csproj", "{F5E3B913-0322-4DC3-A146-FEE2B77961D9}"
EndProject
Project("{FAE04EC0-301F-11D3-BF4B-00C04F79EFBC}") = "JSONDataRepositoryLib", "JSONDataRepositoryLib\JSONDataRepositoryLib.csproj", "{4CE898A8-A25C-4BC5-9CAD-FB540E93120E}"
EndProject
Project("{2150E333-8FDC-42A3-9474-1A3956D46DE8}") = "Entities", "Entities", "{5A14C07A-E049-4798-840E-C8C10598E1E6}"
EndProject
Project("{2150E333-8FDC-42A3-9474-1A3956D46DE8}") = "Tests", "Tests", "{ABAFBD2B-97EF-46C9-BCD5-1A3FE1A149C1}"
EndProject
Project("{2150E333-8FDC-42A3-9474-1A3956D46DE8}") = "Interfaces", "Interfaces", "{466EBAE7-4218-4BF1-86E8-733431ED3809}"
EndProject
Project("{2150E333-8FDC-42A3-9474-1A3956D46DE8}") = "Repositories", "Repositories", "{D83B9D54-AC90-4E25-AF97-D2A66D6955CF}"
EndProject
Project("{2150E333-8FDC-42A3-9474-1A3956D46DE8}") = "Services", "Services", "{1BB73F6D-0EFD-4CA7-8CC5-33EDD8ABBAE4}"
EndProject
Project("{2150E333-8FDC-42A3-9474-1A3956D46DE8}") = "Features", "Features", "{627D498E-351F-44F8-B397-D2F59FC4A92F}"
EndProject
Project("{2150E333-8FDC-42A3-9474-1A3956D46DE8}") = "Web", "Web", "{098D5F89-B5E9-4043-A59B-627E3C0DEF3D}"
EndProject
Project("{2150E333-8FDC-42A3-9474-1A3956D46DE8}") = "Data", "Data", "{565E0B9B-586F-4209-9534-EBCE23C0B5B0}"
	ProjectSection(SolutionItems) = preProject
		E:\cred.json = E:\cred.json
		E:\product.dat = E:\product.dat
		E:\user.json = E:\user.json
	EndProjectSection
EndProject
Project("{FAE04EC0-301F-11D3-BF4B-00C04F79EFBC}") = "BankingPortal", "BankingPortal\BankingPortal.csproj", "{F7B12EE5-D031-4889-A60E-ACB5255F36C9}"
EndProject
Project("{FAE04EC0-301F-11D3-BF4B-00C04F79EFBC}") = "HRPortal", "HRPortal\HRPortal.csproj", "{8D8CBC8B-8650-45B9-A8CA-6229CAF117EE}"
EndProject
Global
	GlobalSection(SolutionConfigurationPlatforms) = preSolution
		Debug|Any CPU = Debug|Any CPU
		Release|Any CPU = Release|Any CPU
	EndGlobalSection
	GlobalSection(ProjectConfigurationPlatforms) = postSolution
		{15A531F9-A7DB-4E17-A2BE-3602FDDB283F}.Debug|Any CPU.ActiveCfg = Debug|Any CPU
		{15A531F9-A7DB-4E17-A2BE-3602FDDB283F}.Debug|Any CPU.Build.0 = Debug|Any CPU
		{15A531F9-A7DB-4E17-A2BE-3602FDDB283F}.Release|Any CPU.ActiveCfg = Release|Any CPU
		{15A531F9-A7DB-4E17-A2BE-3602FDDB283F}.Release|Any CPU.Build.0 = Release|Any CPU
		{3315565E-9B1A-4717-BE5D-D44CED87A1BE}.Debug|Any CPU.ActiveCfg = Debug|Any CPU
		{3315565E-9B1A-4717-BE5D-D44CED87A1BE}.Debug|Any CPU.Build.0 = Debug|Any CPU
		{3315565E-9B1A-4717-BE5D-D44CED87A1BE}.Release|Any CPU.ActiveCfg = Release|Any CPU
		{3315565E-9B1A-4717-BE5D-D44CED87A1BE}.Release|Any CPU.Build.0 = Release|Any CPU
		{AC2CA061-1389-4FA8-AB12-853D5751849F}.Debug|Any CPU.ActiveCfg = Debug|Any CPU
		{AC2CA061-1389-4FA8-AB12-853D5751849F}.Debug|Any CPU.Build.0 = Debug|Any CPU
		{AC2CA061-1389-4FA8-AB12-853D5751849F}.Release|Any CPU.ActiveCfg = Release|Any CPU
		{AC2CA061-1389-4FA8-AB12-853D5751849F}.Release|Any CPU.Build.0 = Release|Any CPU
		{C0D37394-11C2-4241-AA6B-1AE1924A8FC9}.Debug|Any CPU.ActiveCfg = Debug|Any CPU
		{C0D37394-11C2-4241-AA6B-1AE1924A8FC9}.Debug|Any CPU.Build.0 = Debug|Any CPU
		{C0D37394-11C2-4241-AA6B-1AE1924A8FC9}.Release|Any CPU.ActiveCfg = Release|Any CPU
		{C0D37394-11C2-4241-AA6B-1AE1924A8FC9}.Release|Any CPU.Build.0 = Release|Any CPU
		{57B03781-3031-44FF-BB0E-7C38F43531E4}.Debug|Any CPU.ActiveCfg = Debug|Any CPU
		{57B03781-3031-44FF-BB0E-7C38F43531E4}.Debug|Any CPU.Build.0 = Debug|Any CPU
		{57B03781-3031-44FF-BB0E-7C38F43531E4}.Release|Any CPU.ActiveCfg = Release|Any CPU
		{57B03781-3031-44FF-BB0E-7C38F43531E4}.Release|Any CPU.Build.0 = Release|Any CPU
		{6C23B692-0FE0-46E3-A65A-CD168A15A6A5}.Debug|Any CPU.ActiveCfg = Debug|Any CPU
		{6C23B692-0FE0-46E3-A65A-CD168A15A6A5}.Debug|Any CPU.Build.0 = Debug|Any CPU
		{6C23B692-0FE0-46E3-A65A-CD168A15A6A5}.Release|Any CPU.ActiveCfg = Release|Any CPU
		{6C23B692-0FE0-46E3-A65A-CD168A15A6A5}.Release|Any CPU.Build.0 = Release|Any CPU
		{59647EAA-2FC5-4339-912D-2C23E7415C98}.Debug|Any CPU.ActiveCfg = Debug|Any CPU
		{59647EAA-2FC5-4339-912D-2C23E7415C98}.Debug|Any CPU.Build.0 = Debug|Any CPU
		{59647EAA-2FC5-4339-912D-2C23E7415C98}.Release|Any CPU.ActiveCfg = Release|Any CPU
		{59647EAA-2FC5-4339-912D-2C23E7415C98}.Release|Any CPU.Build.0 = Release|Any CPU
		{A1BDCDC9-61BF-439E-A5AC-7DF7F437F020}.Debug|Any CPU.ActiveCfg = Debug|Any CPU
		{A1BDCDC9-61BF-439E-A5AC-7DF7F437F020}.Debug|Any CPU.Build.0 = Debug|Any CPU
		{A1BDCDC9-61BF-439E-A5AC-7DF7F437F020}.Release|Any CPU.ActiveCfg = Release|Any CPU
		{A1BDCDC9-61BF-439E-A5AC-7DF7F437F020}.Release|Any CPU.Build.0 = Release|Any CPU
		{1D4F00D8-3AC5-4807-9351-B3101B353FDC}.Debug|Any CPU.ActiveCfg = Debug|Any CPU
		{1D4F00D8-3AC5-4807-9351-B3101B353FDC}.Debug|Any CPU.Build.0 = Debug|Any CPU
		{1D4F00D8-3AC5-4807-9351-B3101B353FDC}.Release|Any CPU.ActiveCfg = Release|Any CPU
		{1D4F00D8-3AC5-4807-9351-B3101B353FDC}.Release|Any CPU.Build.0 = Release|Any CPU
		{F8EAC170-E9F8-4975-B703-2661DABFC238}.Debug|Any CPU.ActiveCfg = Debug|Any CPU
		{F8EAC170-E9F8-4975-B703-2661DABFC238}.Debug|Any CPU.Build.0 = Debug|Any CPU
		{F8EAC170-E9F8-4975-B703-2661DABFC238}.Release|Any CPU.ActiveCfg = Release|Any CPU
		{F8EAC170-E9F8-4975-B703-2661DABFC238}.Release|Any CPU.Build.0 = Release|Any CPU
		{CF0FF7FF-BAD2-46C1-BE3D-3A62BA7ADE5E}.Debug|Any CPU.ActiveCfg = Debug|Any CPU
		{CF0FF7FF-BAD2-46C1-BE3D-3A62BA7ADE5E}.Debug|Any CPU.Build.0 = Debug|Any CPU
		{CF0FF7FF-BAD2-46C1-BE3D-3A62BA7ADE5E}.Release|Any CPU.ActiveCfg = Release|Any CPU
		{CF0FF7FF-BAD2-46C1-BE3D-3A62BA7ADE5E}.Release|Any CPU.Build.0 = Release|Any CPU
		{FB8A65E2-4281-4EF5-931C-128095A7D586}.Debug|Any CPU.ActiveCfg = Debug|Any CPU
		{FB8A65E2-4281-4EF5-931C-128095A7D586}.Debug|Any CPU.Build.0 = Debug|Any CPU
		{FB8A65E2-4281-4EF5-931C-128095A7D586}.Release|Any CPU.ActiveCfg = Release|Any CPU
		{FB8A65E2-4281-4EF5-931C-128095A7D586}.Release|Any CPU.Build.0 = Release|Any CPU
		{15456DFB-E035-405C-946B-567189B27821}.Debug|Any CPU.ActiveCfg = Debug|Any CPU
		{15456DFB-E035-405C-946B-567189B27821}.Debug|Any CPU.Build.0 = Debug|Any CPU
		{15456DFB-E035-405C-946B-567189B27821}.Release|Any CPU.ActiveCfg = Release|Any CPU
		{15456DFB-E035-405C-946B-567189B27821}.Release|Any CPU.Build.0 = Release|Any CPU
		{25AF5413-5752-45B1-8C4E-CCDCF4B79BFA}.Debug|Any CPU.ActiveCfg = Debug|Any CPU
		{25AF5413-5752-45B1-8C4E-CCDCF4B79BFA}.Debug|Any CPU.Build.0 = Debug|Any CPU
		{25AF5413-5752-45B1-8C4E-CCDCF4B79BFA}.Release|Any CPU.ActiveCfg = Release|Any CPU
		{25AF5413-5752-45B1-8C4E-CCDCF4B79BFA}.Release|Any CPU.Build.0 = Release|Any CPU
		{EF798A8D-E891-4362-B00D-A043FD2D182D}.Debug|Any CPU.ActiveCfg = Debug|Any CPU
		{EF798A8D-E891-4362-B00D-A043FD2D182D}.Debug|Any CPU.Build.0 = Debug|Any CPU
		{EF798A8D-E891-4362-B00D-A043FD2D182D}.Release|Any CPU.ActiveCfg = Release|Any CPU
		{EF798A8D-E891-4362-B00D-A043FD2D182D}.Release|Any CPU.Build.0 = Release|Any CPU
		{CE806156-0715-43C7-A87A-46069730E7C4}.Debug|Any CPU.ActiveCfg = Debug|Any CPU
		{CE806156-0715-43C7-A87A-46069730E7C4}.Debug|Any CPU.Build.0 = Debug|Any CPU
		{CE806156-0715-43C7-A87A-46069730E7C4}.Release|Any CPU.ActiveCfg = Release|Any CPU
		{CE806156-0715-43C7-A87A-46069730E7C4}.Release|Any CPU.Build.0 = Release|Any CPU
		{72736C50-DC38-4309-8DDF-133238AC86F7}.Debug|Any CPU.ActiveCfg = Debug|Any CPU
		{72736C50-DC38-4309-8DDF-133238AC86F7}.Debug|Any CPU.Build.0 = Debug|Any CPU
		{72736C50-DC38-4309-8DDF-133238AC86F7}.Release|Any CPU.ActiveCfg = Release|Any CPU
		{72736C50-DC38-4309-8DDF-133238AC86F7}.Release|Any CPU.Build.0 = Release|Any CPU
		{7C3394BB-0535-4192-AF8A-BC123EFFF9FD}.Debug|Any CPU.ActiveCfg = Debug|Any CPU
		{7C3394BB-0535-4192-AF8A-BC123EFFF9FD}.Debug|Any CPU.Build.0 = Debug|Any CPU
		{7C3394BB-0535-4192-AF8A-BC123EFFF9FD}.Release|Any CPU.ActiveCfg = Release|Any CPU
		{7C3394BB-0535-4192-AF8A-BC123EFFF9FD}.Release|Any CPU.Build.0 = Release|Any CPU
		{780C2252-F83A-4CC2-934B-F71E0ADEDD54}.Debug|Any CPU.ActiveCfg = Debug|Any CPU
		{780C2252-F83A-4CC2-934B-F71E0ADEDD54}.Debug|Any CPU.Build.0 = Debug|Any CPU
		{780C2252-F83A-4CC2-934B-F71E0ADEDD54}.Release|Any CPU.ActiveCfg = Release|Any CPU
		{780C2252-F83A-4CC2-934B-F71E0ADEDD54}.Release|Any CPU.Build.0 = Release|Any CPU
		{EBE2BC7A-E2D5-4168-90B8-CC3968453E37}.Debug|Any CPU.ActiveCfg = Debug|Any CPU
		{EBE2BC7A-E2D5-4168-90B8-CC3968453E37}.Debug|Any CPU.Build.0 = Debug|Any CPU
		{EBE2BC7A-E2D5-4168-90B8-CC3968453E37}.Release|Any CPU.ActiveCfg = Release|Any CPU
		{EBE2BC7A-E2D5-4168-90B8-CC3968453E37}.Release|Any CPU.Build.0 = Release|Any CPU
		{F5E3B913-0322-4DC3-A146-FEE2B77961D9}.Debug|Any CPU.ActiveCfg = Debug|Any CPU
		{F5E3B913-0322-4DC3-A146-FEE2B77961D9}.Debug|Any CPU.Build.0 = Debug|Any CPU
		{F5E3B913-0322-4DC3-A146-FEE2B77961D9}.Release|Any CPU.ActiveCfg = Release|Any CPU
		{F5E3B913-0322-4DC3-A146-FEE2B77961D9}.Release|Any CPU.Build.0 = Release|Any CPU
		{4CE898A8-A25C-4BC5-9CAD-FB540E93120E}.Debug|Any CPU.ActiveCfg = Debug|Any CPU
		{4CE898A8-A25C-4BC5-9CAD-FB540E93120E}.Debug|Any CPU.Build.0 = Debug|Any CPU
		{4CE898A8-A25C-4BC5-9CAD-FB540E93120E}.Release|Any CPU.ActiveCfg = Release|Any CPU
		{4CE898A8-A25C-4BC5-9CAD-FB540E93120E}.Release|Any CPU.Build.0 = Release|Any CPU
		{F7B12EE5-D031-4889-A60E-ACB5255F36C9}.Debug|Any CPU.ActiveCfg = Debug|Any CPU
		{F7B12EE5-D031-4889-A60E-ACB5255F36C9}.Debug|Any CPU.Build.0 = Debug|Any CPU
		{F7B12EE5-D031-4889-A60E-ACB5255F36C9}.Release|Any CPU.ActiveCfg = Release|Any CPU
		{F7B12EE5-D031-4889-A60E-ACB5255F36C9}.Release|Any CPU.Build.0 = Release|Any CPU
		{8D8CBC8B-8650-45B9-A8CA-6229CAF117EE}.Debug|Any CPU.ActiveCfg = Debug|Any CPU
		{8D8CBC8B-8650-45B9-A8CA-6229CAF117EE}.Debug|Any CPU.Build.0 = Debug|Any CPU
		{8D8CBC8B-8650-45B9-A8CA-6229CAF117EE}.Release|Any CPU.ActiveCfg = Release|Any CPU
		{8D8CBC8B-8650-45B9-A8CA-6229CAF117EE}.Release|Any CPU.Build.0 = Release|Any CPU
	EndGlobalSection
	GlobalSection(SolutionProperties) = preSolution
		HideSolutionNode = FALSE
	EndGlobalSection
	GlobalSection(NestedProjects) = preSolution
		{15A531F9-A7DB-4E17-A2BE-3602FDDB283F} = {ABAFBD2B-97EF-46C9-BCD5-1A3FE1A149C1}
		{3315565E-9B1A-4717-BE5D-D44CED87A1BE} = {627D498E-351F-44F8-B397-D2F59FC4A92F}
		{AC2CA061-1389-4FA8-AB12-853D5751849F} = {627D498E-351F-44F8-B397-D2F59FC4A92F}
		{C0D37394-11C2-4241-AA6B-1AE1924A8FC9} = {627D498E-351F-44F8-B397-D2F59FC4A92F}
		{57B03781-3031-44FF-BB0E-7C38F43531E4} = {098D5F89-B5E9-4043-A59B-627E3C0DEF3D}
		{6C23B692-0FE0-46E3-A65A-CD168A15A6A5} = {627D498E-351F-44F8-B397-D2F59FC4A92F}
		{59647EAA-2FC5-4339-912D-2C23E7415C98} = {ABAFBD2B-97EF-46C9-BCD5-1A3FE1A149C1}
		{A1BDCDC9-61BF-439E-A5AC-7DF7F437F020} = {627D498E-351F-44F8-B397-D2F59FC4A92F}
		{1D4F00D8-3AC5-4807-9351-B3101B353FDC} = {627D498E-351F-44F8-B397-D2F59FC4A92F}
		{F8EAC170-E9F8-4975-B703-2661DABFC238} = {627D498E-351F-44F8-B397-D2F59FC4A92F}
		{CF0FF7FF-BAD2-46C1-BE3D-3A62BA7ADE5E} = {627D498E-351F-44F8-B397-D2F59FC4A92F}
		{FB8A65E2-4281-4EF5-931C-128095A7D586} = {466EBAE7-4218-4BF1-86E8-733431ED3809}
		{15456DFB-E035-405C-946B-567189B27821} = {5A14C07A-E049-4798-840E-C8C10598E1E6}
		{25AF5413-5752-45B1-8C4E-CCDCF4B79BFA} = {D83B9D54-AC90-4E25-AF97-D2A66D6955CF}
		{EF798A8D-E891-4362-B00D-A043FD2D182D} = {1BB73F6D-0EFD-4CA7-8CC5-33EDD8ABBAE4}
		{CE806156-0715-43C7-A87A-46069730E7C4} = {ABAFBD2B-97EF-46C9-BCD5-1A3FE1A149C1}
		{72736C50-DC38-4309-8DDF-133238AC86F7} = {ABAFBD2B-97EF-46C9-BCD5-1A3FE1A149C1}
		{7C3394BB-0535-4192-AF8A-BC123EFFF9FD} = {ABAFBD2B-97EF-46C9-BCD5-1A3FE1A149C1}
		{780C2252-F83A-4CC2-934B-F71E0ADEDD54} = {627D498E-351F-44F8-B397-D2F59FC4A92F}
		{EBE2BC7A-E2D5-4168-90B8-CC3968453E37} = {ABAFBD2B-97EF-46C9-BCD5-1A3FE1A149C1}
		{F5E3B913-0322-4DC3-A146-FEE2B77961D9} = {098D5F89-B5E9-4043-A59B-627E3C0DEF3D}
		{4CE898A8-A25C-4BC5-9CAD-FB540E93120E} = {D83B9D54-AC90-4E25-AF97-D2A66D6955CF}
		{F7B12EE5-D031-4889-A60E-ACB5255F36C9} = {098D5F89-B5E9-4043-A59B-627E3C0DEF3D}
		{8D8CBC8B-8650-45B9-A8CA-6229CAF117EE} = {098D5F89-B5E9-4043-A59B-627E3C0DEF3D}
	EndGlobalSection
	GlobalSection(ExtensibilityGlobals) = postSolution
		SolutionGuid = {B4C65A4B-13F9-46AD-B71C-626E4D306BAB}
	EndGlobalSection
EndGlobal
